
Microsoft Visual Studio Solution File, Format Version 12.00
# Visual Studio Version 17
VisualStudioVersion = 17.12.35506.116
MinimumVisualStudioVersion = 10.0.40219.1
Project("{FAE04EC0-301F-11D3-BF4B-00C04F79EFBC}") = "Application", "Application\Application.csproj", "{146326C5-5E4F-442F-B254-A46819B4D246}"
EndProject
Project("{FAE04EC0-301F-11D3-BF4B-00C04F79EFBC}") = "Presentation", "Presentation\Presentation.csproj", "{63E97A09-2898-46AF-A0E2-798EECBFEAB1}"
EndProject
Project("{FAE04EC0-301F-11D3-BF4B-00C04F79EFBC}") = "Infrastructure.SQL", "Infrastructure.SQL\Infrastructure.SQL.csproj", "{0EF17D3E-28E2-4DED-AEDC-073F87CA6387}"
EndProject
Project("{FAE04EC0-301F-11D3-BF4B-00C04F79EFBC}") = "Infrastructure.MongoDbDriver", "Infrastructure.MongoDbDriver\Infrastructure.MongoDbDriver.csproj", "{84FEE649-D91C-428E-A6A6-86C7CB1C7FE2}"
EndProject
Project("{FAE04EC0-301F-11D3-BF4B-00C04F79EFBC}") = "Infrastructure.SQLite", "Infrastructure.SQLite\Infrastructure.SQLite.csproj", "{1C277993-51A9-45A6-B1ED-2C3FB362DE99}"
EndProject
Project("{FAE04EC0-301F-11D3-BF4B-00C04F79EFBC}") = "Infrastructure.Json", "Infrastructure.Json\Infrastructure.Json.csproj", "{3F9AF311-B875-4A34-87B1-EFD178933AA2}"
EndProject
Global
	GlobalSection(SolutionConfigurationPlatforms) = preSolution
		Debug|Any CPU = Debug|Any CPU
		Release|Any CPU = Release|Any CPU
	EndGlobalSection
	GlobalSection(ProjectConfigurationPlatforms) = postSolution
		{146326C5-5E4F-442F-B254-A46819B4D246}.Debug|Any CPU.ActiveCfg = Debug|Any CPU
		{146326C5-5E4F-442F-B254-A46819B4D246}.Debug|Any CPU.Build.0 = Debug|Any CPU
		{146326C5-5E4F-442F-B254-A46819B4D246}.Release|Any CPU.ActiveCfg = Release|Any CPU
		{146326C5-5E4F-442F-B254-A46819B4D246}.Release|Any CPU.Build.0 = Release|Any CPU
		{63E97A09-2898-46AF-A0E2-798EECBFEAB1}.Debug|Any CPU.ActiveCfg = Debug|Any CPU
		{63E97A09-2898-46AF-A0E2-798EECBFEAB1}.Debug|Any CPU.Build.0 = Debug|Any CPU
		{63E97A09-2898-46AF-A0E2-798EECBFEAB1}.Release|Any CPU.ActiveCfg = Release|Any CPU
		{63E97A09-2898-46AF-A0E2-798EECBFEAB1}.Release|Any CPU.Build.0 = Release|Any CPU
		{0EF17D3E-28E2-4DED-AEDC-073F87CA6387}.Debug|Any CPU.ActiveCfg = Debug|Any CPU
		{0EF17D3E-28E2-4DED-AEDC-073F87CA6387}.Debug|Any CPU.Build.0 = Debug|Any CPU
		{0EF17D3E-28E2-4DED-AEDC-073F87CA6387}.Release|Any CPU.ActiveCfg = Release|Any CPU
		{0EF17D3E-28E2-4DED-AEDC-073F87CA6387}.Release|Any CPU.Build.0 = Release|Any CPU
		{84FEE649-D91C-428E-A6A6-86C7CB1C7FE2}.Debug|Any CPU.ActiveCfg = Debug|Any CPU
		{84FEE649-D91C-428E-A6A6-86C7CB1C7FE2}.Debug|Any CPU.Build.0 = Debug|Any CPU
		{84FEE649-D91C-428E-A6A6-86C7CB1C7FE2}.Release|Any CPU.ActiveCfg = Release|Any CPU
		{84FEE649-D91C-428E-A6A6-86C7CB1C7FE2}.Release|Any CPU.Build.0 = Release|Any CPU
		{1C277993-51A9-45A6-B1ED-2C3FB362DE99}.Debug|Any CPU.ActiveCfg = Debug|Any CPU
		{1C277993-51A9-45A6-B1ED-2C3FB362DE99}.Debug|Any CPU.Build.0 = Debug|Any CPU
		{1C277993-51A9-45A6-B1ED-2C3FB362DE99}.Release|Any CPU.ActiveCfg = Release|Any CPU
		{1C277993-51A9-45A6-B1ED-2C3FB362DE99}.Release|Any CPU.Build.0 = Release|Any CPU
		{3F9AF311-B875-4A34-87B1-EFD178933AA2}.Debug|Any CPU.ActiveCfg = Debug|Any CPU
		{3F9AF311-B875-4A34-87B1-EFD178933AA2}.Debug|Any CPU.Build.0 = Debug|Any CPU
		{3F9AF311-B875-4A34-87B1-EFD178933AA2}.Release|Any CPU.ActiveCfg = Release|Any CPU
		{3F9AF311-B875-4A34-87B1-EFD178933AA2}.Release|Any CPU.Build.0 = Release|Any CPU
	EndGlobalSection
	GlobalSection(SolutionProperties) = preSolution
		HideSolutionNode = FALSE
	EndGlobalSection
EndGlobal
